
Microsoft Visual Studio Solution File, Format Version 12.00
# Visual Studio Version 17
VisualStudioVersion = 17.10.35013.160
MinimumVisualStudioVersion = 10.0.40219.1
Project("{2150E333-8FDC-42A3-9474-1A3956D46DE8}") = "Services", "Services", "{04E703A8-7D89-4F8B-BFDF-0CF57F4DAEDF}"
EndProject
Project("{2150E333-8FDC-42A3-9474-1A3956D46DE8}") = "Catalog", "Catalog", "{CB5620A3-89F2-4738-8ED8-7C9E2002972D}"
EndProject
Project("{FAE04EC0-301F-11D3-BF4B-00C04F79EFBC}") = "TrendShop.Catalog", "Services\Catalog\TrendShop.Catalog\TrendShop.Catalog.csproj", "{D1B07124-7E4B-4AEC-A016-6D950645388B}"
EndProject
Global
	GlobalSection(SolutionConfigurationPlatforms) = preSolution
		Debug|Any CPU = Debug|Any CPU
		Release|Any CPU = Release|Any CPU
	EndGlobalSection
	GlobalSection(ProjectConfigurationPlatforms) = postSolution
		{D1B07124-7E4B-4AEC-A016-6D950645388B}.Debug|Any CPU.ActiveCfg = Debug|Any CPU
		{D1B07124-7E4B-4AEC-A016-6D950645388B}.Debug|Any CPU.Build.0 = Debug|Any CPU
		{D1B07124-7E4B-4AEC-A016-6D950645388B}.Release|Any CPU.ActiveCfg = Release|Any CPU
		{D1B07124-7E4B-4AEC-A016-6D950645388B}.Release|Any CPU.Build.0 = Release|Any CPU
	EndGlobalSection
	GlobalSection(SolutionProperties) = preSolution
		HideSolutionNode = FALSE
	EndGlobalSection
	GlobalSection(NestedProjects) = preSolution
		{CB5620A3-89F2-4738-8ED8-7C9E2002972D} = {04E703A8-7D89-4F8B-BFDF-0CF57F4DAEDF}
		{D1B07124-7E4B-4AEC-A016-6D950645388B} = {CB5620A3-89F2-4738-8ED8-7C9E2002972D}
	EndGlobalSection
	GlobalSection(ExtensibilityGlobals) = postSolution
		SolutionGuid = {4028C25B-4AFB-4428-A4A4-8E385B4F18BC}
	EndGlobalSection
EndGlobal
