
Microsoft Visual Studio Solution File, Format Version 12.00
# Visual Studio Version 17
VisualStudioVersion = 17.10.35013.160
MinimumVisualStudioVersion = 10.0.40219.1
Project("{2150E333-8FDC-42A3-9474-1A3956D46DE8}") = "Services", "Services", "{04E703A8-7D89-4F8B-BFDF-0CF57F4DAEDF}"
EndProject
Project("{2150E333-8FDC-42A3-9474-1A3956D46DE8}") = "Catalog", "Catalog", "{CB5620A3-89F2-4738-8ED8-7C9E2002972D}"
EndProject
Project("{9A19103F-16F7-4668-BE54-9A1E7A4F7556}") = "TrendShop.Catalog", "Services\Catalog\TrendShop.Catalog\TrendShop.Catalog.csproj", "{D1B07124-7E4B-4AEC-A016-6D950645388B}"
EndProject
Project("{2150E333-8FDC-42A3-9474-1A3956D46DE8}") = "Discount", "Discount", "{0BC819F3-1528-4F00-A7A2-DDAFC2FD5E53}"
EndProject
Project("{2150E333-8FDC-42A3-9474-1A3956D46DE8}") = "DatabaseType", "DatabaseType", "{46F0AE85-E285-4AE0-80F7-1BF29705B13C}"
	ProjectSection(SolutionItems) = preProject
		Notes.txt = Notes.txt
	EndProjectSection
EndProject
Project("{9A19103F-16F7-4668-BE54-9A1E7A4F7556}") = "TrendShop.Discount", "Services\Discount\TrendShop.Discount\TrendShop.Discount.csproj", "{43FEF1CE-9B91-4583-9712-F28398F546BB}"
EndProject
Project("{2150E333-8FDC-42A3-9474-1A3956D46DE8}") = "Order", "Order", "{D8D59C27-75CD-45F0-B3DB-FA112FB724DE}"
EndProject
Project("{2150E333-8FDC-42A3-9474-1A3956D46DE8}") = "Core", "Core", "{534F8757-BF73-4AB0-84AD-8B5BA6510160}"
EndProject
Project("{2150E333-8FDC-42A3-9474-1A3956D46DE8}") = "Infrastructure", "Infrastructure", "{2A88E9BC-3B6A-4A1A-98D8-32F43E6AED85}"
EndProject
Project("{2150E333-8FDC-42A3-9474-1A3956D46DE8}") = "Presentation", "Presentation", "{A97FC203-220F-4E18-A95F-0720178B77E7}"
EndProject
Project("{9A19103F-16F7-4668-BE54-9A1E7A4F7556}") = "TrendShop.Order.Domain", "Services\Order\Core\TrendShop.Order.Domain\TrendShop.Order.Domain.csproj", "{C516D556-A2C1-437E-8D67-4991CEB3EEE6}"
EndProject
Project("{9A19103F-16F7-4668-BE54-9A1E7A4F7556}") = "TrendShop.Order.Application", "Services\Order\Core\TrendShop.Order.Application\TrendShop.Order.Application.csproj", "{FDDDBD31-31D4-4A66-81AC-EA35AC59E2AA}"
EndProject
Project("{9A19103F-16F7-4668-BE54-9A1E7A4F7556}") = "TrendShop.Order.Persistence", "Services\Order\Infrastructure\TrendShop.Order.Persistence\TrendShop.Order.Persistence.csproj", "{26D113FB-ABF2-4C51-8E49-9618E708E5E4}"
EndProject
Project("{9A19103F-16F7-4668-BE54-9A1E7A4F7556}") = "TrendShop.Order.WebApi", "Services\Order\Presentation\TrendShop.Order.WebApi\TrendShop.Order.WebApi.csproj", "{0C77A8A7-4E5E-461E-B7A6-A0722A88397A}"
EndProject
Project("{2150E333-8FDC-42A3-9474-1A3956D46DE8}") = "IdentityServer", "IdentityServer", "{DE985921-84DF-44C0-BAF8-6F9C82AFDDA5}"
EndProject
Project("{9A19103F-16F7-4668-BE54-9A1E7A4F7556}") = "TrendShop.IdentityServer", "IdentityServer\TrendShop.IdentityServer\TrendShop.IdentityServer.csproj", "{D90EA783-7842-4F2A-9685-71DD5426A8B9}"
EndProject
Global
	GlobalSection(SolutionConfigurationPlatforms) = preSolution
		Debug|Any CPU = Debug|Any CPU
		Release|Any CPU = Release|Any CPU
	EndGlobalSection
	GlobalSection(ProjectConfigurationPlatforms) = postSolution
		{D1B07124-7E4B-4AEC-A016-6D950645388B}.Debug|Any CPU.ActiveCfg = Debug|Any CPU
		{D1B07124-7E4B-4AEC-A016-6D950645388B}.Debug|Any CPU.Build.0 = Debug|Any CPU
		{D1B07124-7E4B-4AEC-A016-6D950645388B}.Release|Any CPU.ActiveCfg = Release|Any CPU
		{D1B07124-7E4B-4AEC-A016-6D950645388B}.Release|Any CPU.Build.0 = Release|Any CPU
		{43FEF1CE-9B91-4583-9712-F28398F546BB}.Debug|Any CPU.ActiveCfg = Debug|Any CPU
		{43FEF1CE-9B91-4583-9712-F28398F546BB}.Debug|Any CPU.Build.0 = Debug|Any CPU
		{43FEF1CE-9B91-4583-9712-F28398F546BB}.Release|Any CPU.ActiveCfg = Release|Any CPU
		{43FEF1CE-9B91-4583-9712-F28398F546BB}.Release|Any CPU.Build.0 = Release|Any CPU
		{C516D556-A2C1-437E-8D67-4991CEB3EEE6}.Debug|Any CPU.ActiveCfg = Debug|Any CPU
		{C516D556-A2C1-437E-8D67-4991CEB3EEE6}.Debug|Any CPU.Build.0 = Debug|Any CPU
		{C516D556-A2C1-437E-8D67-4991CEB3EEE6}.Release|Any CPU.ActiveCfg = Release|Any CPU
		{C516D556-A2C1-437E-8D67-4991CEB3EEE6}.Release|Any CPU.Build.0 = Release|Any CPU
		{FDDDBD31-31D4-4A66-81AC-EA35AC59E2AA}.Debug|Any CPU.ActiveCfg = Debug|Any CPU
		{FDDDBD31-31D4-4A66-81AC-EA35AC59E2AA}.Debug|Any CPU.Build.0 = Debug|Any CPU
		{FDDDBD31-31D4-4A66-81AC-EA35AC59E2AA}.Release|Any CPU.ActiveCfg = Release|Any CPU
		{FDDDBD31-31D4-4A66-81AC-EA35AC59E2AA}.Release|Any CPU.Build.0 = Release|Any CPU
		{26D113FB-ABF2-4C51-8E49-9618E708E5E4}.Debug|Any CPU.ActiveCfg = Debug|Any CPU
		{26D113FB-ABF2-4C51-8E49-9618E708E5E4}.Debug|Any CPU.Build.0 = Debug|Any CPU
		{26D113FB-ABF2-4C51-8E49-9618E708E5E4}.Release|Any CPU.ActiveCfg = Release|Any CPU
		{26D113FB-ABF2-4C51-8E49-9618E708E5E4}.Release|Any CPU.Build.0 = Release|Any CPU
		{0C77A8A7-4E5E-461E-B7A6-A0722A88397A}.Debug|Any CPU.ActiveCfg = Debug|Any CPU
		{0C77A8A7-4E5E-461E-B7A6-A0722A88397A}.Debug|Any CPU.Build.0 = Debug|Any CPU
		{0C77A8A7-4E5E-461E-B7A6-A0722A88397A}.Release|Any CPU.ActiveCfg = Release|Any CPU
		{0C77A8A7-4E5E-461E-B7A6-A0722A88397A}.Release|Any CPU.Build.0 = Release|Any CPU
		{D90EA783-7842-4F2A-9685-71DD5426A8B9}.Debug|Any CPU.ActiveCfg = Debug|Any CPU
		{D90EA783-7842-4F2A-9685-71DD5426A8B9}.Debug|Any CPU.Build.0 = Debug|Any CPU
		{D90EA783-7842-4F2A-9685-71DD5426A8B9}.Release|Any CPU.ActiveCfg = Release|Any CPU
		{D90EA783-7842-4F2A-9685-71DD5426A8B9}.Release|Any CPU.Build.0 = Release|Any CPU
	EndGlobalSection
	GlobalSection(SolutionProperties) = preSolution
		HideSolutionNode = FALSE
	EndGlobalSection
	GlobalSection(NestedProjects) = preSolution
		{CB5620A3-89F2-4738-8ED8-7C9E2002972D} = {04E703A8-7D89-4F8B-BFDF-0CF57F4DAEDF}
		{D1B07124-7E4B-4AEC-A016-6D950645388B} = {CB5620A3-89F2-4738-8ED8-7C9E2002972D}
		{0BC819F3-1528-4F00-A7A2-DDAFC2FD5E53} = {04E703A8-7D89-4F8B-BFDF-0CF57F4DAEDF}
		{43FEF1CE-9B91-4583-9712-F28398F546BB} = {0BC819F3-1528-4F00-A7A2-DDAFC2FD5E53}
		{D8D59C27-75CD-45F0-B3DB-FA112FB724DE} = {04E703A8-7D89-4F8B-BFDF-0CF57F4DAEDF}
		{534F8757-BF73-4AB0-84AD-8B5BA6510160} = {D8D59C27-75CD-45F0-B3DB-FA112FB724DE}
		{2A88E9BC-3B6A-4A1A-98D8-32F43E6AED85} = {D8D59C27-75CD-45F0-B3DB-FA112FB724DE}
		{A97FC203-220F-4E18-A95F-0720178B77E7} = {D8D59C27-75CD-45F0-B3DB-FA112FB724DE}
		{C516D556-A2C1-437E-8D67-4991CEB3EEE6} = {534F8757-BF73-4AB0-84AD-8B5BA6510160}
		{FDDDBD31-31D4-4A66-81AC-EA35AC59E2AA} = {534F8757-BF73-4AB0-84AD-8B5BA6510160}
		{26D113FB-ABF2-4C51-8E49-9618E708E5E4} = {2A88E9BC-3B6A-4A1A-98D8-32F43E6AED85}
		{0C77A8A7-4E5E-461E-B7A6-A0722A88397A} = {A97FC203-220F-4E18-A95F-0720178B77E7}
		{D90EA783-7842-4F2A-9685-71DD5426A8B9} = {DE985921-84DF-44C0-BAF8-6F9C82AFDDA5}
	EndGlobalSection
	GlobalSection(ExtensibilityGlobals) = postSolution
		SolutionGuid = {4028C25B-4AFB-4428-A4A4-8E385B4F18BC}
	EndGlobalSection
EndGlobal
