
Microsoft Visual Studio Solution File, Format Version 12.00
# Visual Studio Version 17
VisualStudioVersion = 17.10.35013.160
MinimumVisualStudioVersion = 10.0.40219.1
Project("{2150E333-8FDC-42A3-9474-1A3956D46DE8}") = "Services", "Services", "{04E703A8-7D89-4F8B-BFDF-0CF57F4DAEDF}"
EndProject
Project("{2150E333-8FDC-42A3-9474-1A3956D46DE8}") = "Catalog", "Catalog", "{CB5620A3-89F2-4738-8ED8-7C9E2002972D}"
EndProject
Project("{9A19103F-16F7-4668-BE54-9A1E7A4F7556}") = "TrendShop.Catalog", "Services\Catalog\TrendShop.Catalog\TrendShop.Catalog.csproj", "{D1B07124-7E4B-4AEC-A016-6D950645388B}"
EndProject
Project("{2150E333-8FDC-42A3-9474-1A3956D46DE8}") = "Discount", "Discount", "{0BC819F3-1528-4F00-A7A2-DDAFC2FD5E53}"
EndProject
Project("{9A19103F-16F7-4668-BE54-9A1E7A4F7556}") = "TrendShop.Discount", "Services\Discount\TrendShop.Discount\TrendShop.Discount.csproj", "{43FEF1CE-9B91-4583-9712-F28398F546BB}"
EndProject
Project("{2150E333-8FDC-42A3-9474-1A3956D46DE8}") = "Order", "Order", "{D8D59C27-75CD-45F0-B3DB-FA112FB724DE}"
EndProject
Project("{2150E333-8FDC-42A3-9474-1A3956D46DE8}") = "Core", "Core", "{534F8757-BF73-4AB0-84AD-8B5BA6510160}"
EndProject
Project("{2150E333-8FDC-42A3-9474-1A3956D46DE8}") = "Infrastructure", "Infrastructure", "{2A88E9BC-3B6A-4A1A-98D8-32F43E6AED85}"
EndProject
Project("{2150E333-8FDC-42A3-9474-1A3956D46DE8}") = "Presentation", "Presentation", "{A97FC203-220F-4E18-A95F-0720178B77E7}"
EndProject
Project("{9A19103F-16F7-4668-BE54-9A1E7A4F7556}") = "TrendShop.Order.Domain", "Services\Order\Core\TrendShop.Order.Domain\TrendShop.Order.Domain.csproj", "{C516D556-A2C1-437E-8D67-4991CEB3EEE6}"
EndProject
Project("{9A19103F-16F7-4668-BE54-9A1E7A4F7556}") = "TrendShop.Order.Application", "Services\Order\Core\TrendShop.Order.Application\TrendShop.Order.Application.csproj", "{FDDDBD31-31D4-4A66-81AC-EA35AC59E2AA}"
EndProject
Project("{9A19103F-16F7-4668-BE54-9A1E7A4F7556}") = "TrendShop.Order.Persistence", "Services\Order\Infrastructure\TrendShop.Order.Persistence\TrendShop.Order.Persistence.csproj", "{26D113FB-ABF2-4C51-8E49-9618E708E5E4}"
EndProject
Project("{9A19103F-16F7-4668-BE54-9A1E7A4F7556}") = "TrendShop.Order.WebApi", "Services\Order\Presentation\TrendShop.Order.WebApi\TrendShop.Order.WebApi.csproj", "{0C77A8A7-4E5E-461E-B7A6-A0722A88397A}"
EndProject
Project("{2150E333-8FDC-42A3-9474-1A3956D46DE8}") = "IdentityServer", "IdentityServer", "{DE985921-84DF-44C0-BAF8-6F9C82AFDDA5}"
EndProject
Project("{9A19103F-16F7-4668-BE54-9A1E7A4F7556}") = "TrendShop.IdentityServer", "IdentityServer\TrendShop.IdentityServer\TrendShop.IdentityServer.csproj", "{D90EA783-7842-4F2A-9685-71DD5426A8B9}"
EndProject
Project("{2150E333-8FDC-42A3-9474-1A3956D46DE8}") = "Requirements", "Requirements", "{97F96600-9998-4979-ABB0-371C37488E9A}"
	ProjectSection(SolutionItems) = preProject
		DatabaseTypes.txt = DatabaseTypes.txt
		Gateway&Ocelot.txt = Gateway&Ocelot.txt
		IdentityServerVersionErrorSolution.txt = IdentityServerVersionErrorSolution.txt
		LoginIndex.txt = LoginIndex.txt
		OcelotCodeExample.txt = OcelotCodeExample.txt
		OcelotLink.txt = OcelotLink.txt
		PortainerCmd.txt = PortainerCmd.txt
		PortNumbers.txt = PortNumbers.txt
		SimpleCode.txt = SimpleCode.txt
		UserExample.txt = UserExample.txt
	EndProjectSection
EndProject
Project("{2150E333-8FDC-42A3-9474-1A3956D46DE8}") = "Cargo", "Cargo", "{A513E9E8-C76E-4E47-91D9-BDDF0274E55C}"
EndProject
Project("{9A19103F-16F7-4668-BE54-9A1E7A4F7556}") = "TrendShop.Cargo.BusinessLayer", "Services\Cargo\TrendShop.Cargo.BusinessLayer\TrendShop.Cargo.BusinessLayer.csproj", "{C284EA97-95F6-462F-9626-7814029F9198}"
EndProject
Project("{9A19103F-16F7-4668-BE54-9A1E7A4F7556}") = "TrendShop.Cargo.EntityLayer", "Services\Cargo\TrendShop.Cargo.EntityLayer\TrendShop.Cargo.EntityLayer.csproj", "{C448EC29-26A3-4267-A33B-FDE8092A1B8D}"
EndProject
Project("{9A19103F-16F7-4668-BE54-9A1E7A4F7556}") = "TrendShop.Cargo.DataAccessLayer", "Services\Cargo\TrendShop.Cargo.DataAccessLayer\TrendShop.Cargo.DataAccessLayer.csproj", "{86F4703D-70B0-47E2-8DE4-11B8069DF3C2}"
EndProject
Project("{9A19103F-16F7-4668-BE54-9A1E7A4F7556}") = "TrendShop.Cargo.DtoLayer", "Services\Cargo\TrendShop.Cargo.DtoLayer\TrendShop.Cargo.DtoLayer.csproj", "{F000FDFE-C04D-40AB-91E8-ED0C2982F368}"
EndProject
Project("{9A19103F-16F7-4668-BE54-9A1E7A4F7556}") = "TrendShop.Cargo.WebApi", "Services\Cargo\TrendShop.Cargo.WebApi\TrendShop.Cargo.WebApi.csproj", "{5C2141BA-1CA5-4324-B92C-F1548DE756D2}"
EndProject
Project("{2150E333-8FDC-42A3-9474-1A3956D46DE8}") = "Basket", "Basket", "{F97040FB-6181-408A-8E58-931EFE888938}"
EndProject
Project("{9A19103F-16F7-4668-BE54-9A1E7A4F7556}") = "TrendShop.Basket", "Services\Basket\TrendShop.Basket\TrendShop.Basket.csproj", "{B170D7B8-C770-47B4-AF29-A225CC12E90B}"
EndProject
Project("{2150E333-8FDC-42A3-9474-1A3956D46DE8}") = "Frontends", "Frontends", "{5AA9A069-5AB0-45DF-93AE-4195DC30FC0F}"
EndProject
Project("{9A19103F-16F7-4668-BE54-9A1E7A4F7556}") = "TrendShop.WebUI", "Frontends\TrendShop.WebUI\TrendShop.WebUI.csproj", "{A385E2D9-0C93-45D7-87AB-FAD5DB0123FF}"
EndProject
Project("{9A19103F-16F7-4668-BE54-9A1E7A4F7556}") = "TrendShop.DtoLayer", "Frontends\TrendShop.DtoLayer\TrendShop.DtoLayer.csproj", "{43E5D79A-1BB8-4736-9F15-ADE50461C069}"
EndProject
Project("{2150E333-8FDC-42A3-9474-1A3956D46DE8}") = "Comment", "Comment", "{D608699D-B668-46A3-AECB-630BAEDA1BE0}"
EndProject
Project("{9A19103F-16F7-4668-BE54-9A1E7A4F7556}") = "TrendShop.Comment", "Services\Comment\TrendShop.Comment\TrendShop.Comment.csproj", "{A85F98AB-02C0-4DE7-A11F-1C0003D3E9F7}"
EndProject
Project("{2150E333-8FDC-42A3-9474-1A3956D46DE8}") = "ApiGateway", "ApiGateway", "{2EB85285-8E02-4EE5-BD5A-F79148A04B11}"
EndProject
Project("{2150E333-8FDC-42A3-9474-1A3956D46DE8}") = "RapidApi", "RapidApi", "{05450DFE-432C-4D0A-A675-4C86D45806A6}"
EndProject
Project("{9A19103F-16F7-4668-BE54-9A1E7A4F7556}") = "TrendShopProject.OcelotGateway", "ApiGateway\TrendShopProject.OcelotGateway\TrendShopProject.OcelotGateway.csproj", "{07BD28B5-147E-4890-94EC-00854582ACAE}"
EndProject
Project("{2150E333-8FDC-42A3-9474-1A3956D46DE8}") = "Payment", "Payment", "{A22C5BD0-3C24-4608-B77B-2AF6E3264BDA}"
EndProject
Project("{9A19103F-16F7-4668-BE54-9A1E7A4F7556}") = "TrendShopProject.Payment", "Services\Payment\TrendShopProject.Payment\TrendShopProject.Payment.csproj", "{9A2D61DA-C972-4668-8612-AB22AFAA2308}"
EndProject
Project("{2150E333-8FDC-42A3-9474-1A3956D46DE8}") = "Images", "Images", "{99671008-7F97-46E2-B21A-A03CB121EA19}"
EndProject
Project("{9A19103F-16F7-4668-BE54-9A1E7A4F7556}") = "TrendShopProject.Images", "Services\Images\TrendShopProject.Images\TrendShopProject.Images.csproj", "{44670FA2-C51D-4383-A81A-F566CAFF3580}"
EndProject
Project("{2150E333-8FDC-42A3-9474-1A3956D46DE8}") = "Message", "Message", "{3B47736F-03FE-4CF2-92F7-E1A8582BBE1E}"
EndProject
Project("{9A19103F-16F7-4668-BE54-9A1E7A4F7556}") = "TrendShopProject.Message", "Services\Message\TrendShopProject.Message\TrendShopProject.Message.csproj", "{301DC9F2-1EC1-46D6-A00B-D41D49559AEC}"
EndProject
Project("{2150E333-8FDC-42A3-9474-1A3956D46DE8}") = "SignalR", "SignalR", "{A29FAC15-0116-4BDF-9C4F-0E804988E83C}"
EndProject
Project("{9A19103F-16F7-4668-BE54-9A1E7A4F7556}") = "TrendShopProject.SignalRApi", "Services\SignalR\TrendShopProject.SignalRApi\TrendShopProject.SignalRApi.csproj", "{4CE38003-324B-4E52-AC7A-7BDFE90EA2AB}"
EndProject
Project("{9A19103F-16F7-4668-BE54-9A1E7A4F7556}") = "TrendShopProject.Images.WebUI", "Services\Images\TrendShopProject.Images.WebUI\TrendShopProject.Images.WebUI.csproj", "{4879EDFE-1C0E-4CDD-A99C-8D23F8936E0B}"
EndProject
Project("{2150E333-8FDC-42A3-9474-1A3956D46DE8}") = "RabbitMQMessage", "RabbitMQMessage", "{07F5D554-C679-413C-B34E-BE3B84C74E06}"
EndProject
Project("{FAE04EC0-301F-11D3-BF4B-00C04F79EFBC}") = "TrendShopProject.RabbitMQMessageApi", "RabbitMQMessage\TrendShopProject.RabbitMQMessageApi\TrendShopProject.RabbitMQMessageApi.csproj", "{F8D0BA08-CE83-471F-9AF0-7F1A964E5A6A}"
EndProject
Project("{FAE04EC0-301F-11D3-BF4B-00C04F79EFBC}") = "TrendShopProject.RapidApiWebUI", "RapidApi\TrendShopProject.RapidApiWebUI\TrendShopProject.RapidApiWebUI.csproj", "{28327BD3-5C69-4210-ACDA-323A0F5D4743}"
EndProject
Global
	GlobalSection(SolutionConfigurationPlatforms) = preSolution
		Debug|Any CPU = Debug|Any CPU
		Release|Any CPU = Release|Any CPU
	EndGlobalSection
	GlobalSection(ProjectConfigurationPlatforms) = postSolution
		{D1B07124-7E4B-4AEC-A016-6D950645388B}.Debug|Any CPU.ActiveCfg = Debug|Any CPU
		{D1B07124-7E4B-4AEC-A016-6D950645388B}.Debug|Any CPU.Build.0 = Debug|Any CPU
		{D1B07124-7E4B-4AEC-A016-6D950645388B}.Release|Any CPU.ActiveCfg = Release|Any CPU
		{D1B07124-7E4B-4AEC-A016-6D950645388B}.Release|Any CPU.Build.0 = Release|Any CPU
		{43FEF1CE-9B91-4583-9712-F28398F546BB}.Debug|Any CPU.ActiveCfg = Debug|Any CPU
		{43FEF1CE-9B91-4583-9712-F28398F546BB}.Debug|Any CPU.Build.0 = Debug|Any CPU
		{43FEF1CE-9B91-4583-9712-F28398F546BB}.Release|Any CPU.ActiveCfg = Release|Any CPU
		{43FEF1CE-9B91-4583-9712-F28398F546BB}.Release|Any CPU.Build.0 = Release|Any CPU
		{C516D556-A2C1-437E-8D67-4991CEB3EEE6}.Debug|Any CPU.ActiveCfg = Debug|Any CPU
		{C516D556-A2C1-437E-8D67-4991CEB3EEE6}.Debug|Any CPU.Build.0 = Debug|Any CPU
		{C516D556-A2C1-437E-8D67-4991CEB3EEE6}.Release|Any CPU.ActiveCfg = Release|Any CPU
		{C516D556-A2C1-437E-8D67-4991CEB3EEE6}.Release|Any CPU.Build.0 = Release|Any CPU
		{FDDDBD31-31D4-4A66-81AC-EA35AC59E2AA}.Debug|Any CPU.ActiveCfg = Debug|Any CPU
		{FDDDBD31-31D4-4A66-81AC-EA35AC59E2AA}.Debug|Any CPU.Build.0 = Debug|Any CPU
		{FDDDBD31-31D4-4A66-81AC-EA35AC59E2AA}.Release|Any CPU.ActiveCfg = Release|Any CPU
		{FDDDBD31-31D4-4A66-81AC-EA35AC59E2AA}.Release|Any CPU.Build.0 = Release|Any CPU
		{26D113FB-ABF2-4C51-8E49-9618E708E5E4}.Debug|Any CPU.ActiveCfg = Debug|Any CPU
		{26D113FB-ABF2-4C51-8E49-9618E708E5E4}.Debug|Any CPU.Build.0 = Debug|Any CPU
		{26D113FB-ABF2-4C51-8E49-9618E708E5E4}.Release|Any CPU.ActiveCfg = Release|Any CPU
		{26D113FB-ABF2-4C51-8E49-9618E708E5E4}.Release|Any CPU.Build.0 = Release|Any CPU
		{0C77A8A7-4E5E-461E-B7A6-A0722A88397A}.Debug|Any CPU.ActiveCfg = Debug|Any CPU
		{0C77A8A7-4E5E-461E-B7A6-A0722A88397A}.Debug|Any CPU.Build.0 = Debug|Any CPU
		{0C77A8A7-4E5E-461E-B7A6-A0722A88397A}.Release|Any CPU.ActiveCfg = Release|Any CPU
		{0C77A8A7-4E5E-461E-B7A6-A0722A88397A}.Release|Any CPU.Build.0 = Release|Any CPU
		{D90EA783-7842-4F2A-9685-71DD5426A8B9}.Debug|Any CPU.ActiveCfg = Debug|Any CPU
		{D90EA783-7842-4F2A-9685-71DD5426A8B9}.Debug|Any CPU.Build.0 = Debug|Any CPU
		{D90EA783-7842-4F2A-9685-71DD5426A8B9}.Release|Any CPU.ActiveCfg = Release|Any CPU
		{D90EA783-7842-4F2A-9685-71DD5426A8B9}.Release|Any CPU.Build.0 = Release|Any CPU
		{C284EA97-95F6-462F-9626-7814029F9198}.Debug|Any CPU.ActiveCfg = Debug|Any CPU
		{C284EA97-95F6-462F-9626-7814029F9198}.Debug|Any CPU.Build.0 = Debug|Any CPU
		{C284EA97-95F6-462F-9626-7814029F9198}.Release|Any CPU.ActiveCfg = Release|Any CPU
		{C284EA97-95F6-462F-9626-7814029F9198}.Release|Any CPU.Build.0 = Release|Any CPU
		{C448EC29-26A3-4267-A33B-FDE8092A1B8D}.Debug|Any CPU.ActiveCfg = Debug|Any CPU
		{C448EC29-26A3-4267-A33B-FDE8092A1B8D}.Debug|Any CPU.Build.0 = Debug|Any CPU
		{C448EC29-26A3-4267-A33B-FDE8092A1B8D}.Release|Any CPU.ActiveCfg = Release|Any CPU
		{C448EC29-26A3-4267-A33B-FDE8092A1B8D}.Release|Any CPU.Build.0 = Release|Any CPU
		{86F4703D-70B0-47E2-8DE4-11B8069DF3C2}.Debug|Any CPU.ActiveCfg = Debug|Any CPU
		{86F4703D-70B0-47E2-8DE4-11B8069DF3C2}.Debug|Any CPU.Build.0 = Debug|Any CPU
		{86F4703D-70B0-47E2-8DE4-11B8069DF3C2}.Release|Any CPU.ActiveCfg = Release|Any CPU
		{86F4703D-70B0-47E2-8DE4-11B8069DF3C2}.Release|Any CPU.Build.0 = Release|Any CPU
		{F000FDFE-C04D-40AB-91E8-ED0C2982F368}.Debug|Any CPU.ActiveCfg = Debug|Any CPU
		{F000FDFE-C04D-40AB-91E8-ED0C2982F368}.Debug|Any CPU.Build.0 = Debug|Any CPU
		{F000FDFE-C04D-40AB-91E8-ED0C2982F368}.Release|Any CPU.ActiveCfg = Release|Any CPU
		{F000FDFE-C04D-40AB-91E8-ED0C2982F368}.Release|Any CPU.Build.0 = Release|Any CPU
		{5C2141BA-1CA5-4324-B92C-F1548DE756D2}.Debug|Any CPU.ActiveCfg = Debug|Any CPU
		{5C2141BA-1CA5-4324-B92C-F1548DE756D2}.Debug|Any CPU.Build.0 = Debug|Any CPU
		{5C2141BA-1CA5-4324-B92C-F1548DE756D2}.Release|Any CPU.ActiveCfg = Release|Any CPU
		{5C2141BA-1CA5-4324-B92C-F1548DE756D2}.Release|Any CPU.Build.0 = Release|Any CPU
		{B170D7B8-C770-47B4-AF29-A225CC12E90B}.Debug|Any CPU.ActiveCfg = Debug|Any CPU
		{B170D7B8-C770-47B4-AF29-A225CC12E90B}.Debug|Any CPU.Build.0 = Debug|Any CPU
		{B170D7B8-C770-47B4-AF29-A225CC12E90B}.Release|Any CPU.ActiveCfg = Release|Any CPU
		{B170D7B8-C770-47B4-AF29-A225CC12E90B}.Release|Any CPU.Build.0 = Release|Any CPU
		{A385E2D9-0C93-45D7-87AB-FAD5DB0123FF}.Debug|Any CPU.ActiveCfg = Debug|Any CPU
		{A385E2D9-0C93-45D7-87AB-FAD5DB0123FF}.Debug|Any CPU.Build.0 = Debug|Any CPU
		{A385E2D9-0C93-45D7-87AB-FAD5DB0123FF}.Release|Any CPU.ActiveCfg = Release|Any CPU
		{A385E2D9-0C93-45D7-87AB-FAD5DB0123FF}.Release|Any CPU.Build.0 = Release|Any CPU
		{43E5D79A-1BB8-4736-9F15-ADE50461C069}.Debug|Any CPU.ActiveCfg = Debug|Any CPU
		{43E5D79A-1BB8-4736-9F15-ADE50461C069}.Debug|Any CPU.Build.0 = Debug|Any CPU
		{43E5D79A-1BB8-4736-9F15-ADE50461C069}.Release|Any CPU.ActiveCfg = Release|Any CPU
		{43E5D79A-1BB8-4736-9F15-ADE50461C069}.Release|Any CPU.Build.0 = Release|Any CPU
		{A85F98AB-02C0-4DE7-A11F-1C0003D3E9F7}.Debug|Any CPU.ActiveCfg = Debug|Any CPU
		{A85F98AB-02C0-4DE7-A11F-1C0003D3E9F7}.Debug|Any CPU.Build.0 = Debug|Any CPU
		{A85F98AB-02C0-4DE7-A11F-1C0003D3E9F7}.Release|Any CPU.ActiveCfg = Release|Any CPU
		{A85F98AB-02C0-4DE7-A11F-1C0003D3E9F7}.Release|Any CPU.Build.0 = Release|Any CPU
		{07BD28B5-147E-4890-94EC-00854582ACAE}.Debug|Any CPU.ActiveCfg = Debug|Any CPU
		{07BD28B5-147E-4890-94EC-00854582ACAE}.Debug|Any CPU.Build.0 = Debug|Any CPU
		{07BD28B5-147E-4890-94EC-00854582ACAE}.Release|Any CPU.ActiveCfg = Release|Any CPU
		{07BD28B5-147E-4890-94EC-00854582ACAE}.Release|Any CPU.Build.0 = Release|Any CPU
		{9A2D61DA-C972-4668-8612-AB22AFAA2308}.Debug|Any CPU.ActiveCfg = Debug|Any CPU
		{9A2D61DA-C972-4668-8612-AB22AFAA2308}.Debug|Any CPU.Build.0 = Debug|Any CPU
		{9A2D61DA-C972-4668-8612-AB22AFAA2308}.Release|Any CPU.ActiveCfg = Release|Any CPU
		{9A2D61DA-C972-4668-8612-AB22AFAA2308}.Release|Any CPU.Build.0 = Release|Any CPU
		{44670FA2-C51D-4383-A81A-F566CAFF3580}.Debug|Any CPU.ActiveCfg = Debug|Any CPU
		{44670FA2-C51D-4383-A81A-F566CAFF3580}.Debug|Any CPU.Build.0 = Debug|Any CPU
		{44670FA2-C51D-4383-A81A-F566CAFF3580}.Release|Any CPU.ActiveCfg = Release|Any CPU
		{44670FA2-C51D-4383-A81A-F566CAFF3580}.Release|Any CPU.Build.0 = Release|Any CPU
		{301DC9F2-1EC1-46D6-A00B-D41D49559AEC}.Debug|Any CPU.ActiveCfg = Debug|Any CPU
		{301DC9F2-1EC1-46D6-A00B-D41D49559AEC}.Debug|Any CPU.Build.0 = Debug|Any CPU
		{301DC9F2-1EC1-46D6-A00B-D41D49559AEC}.Release|Any CPU.ActiveCfg = Release|Any CPU
		{301DC9F2-1EC1-46D6-A00B-D41D49559AEC}.Release|Any CPU.Build.0 = Release|Any CPU
		{4CE38003-324B-4E52-AC7A-7BDFE90EA2AB}.Debug|Any CPU.ActiveCfg = Debug|Any CPU
		{4CE38003-324B-4E52-AC7A-7BDFE90EA2AB}.Debug|Any CPU.Build.0 = Debug|Any CPU
		{4CE38003-324B-4E52-AC7A-7BDFE90EA2AB}.Release|Any CPU.ActiveCfg = Release|Any CPU
		{4CE38003-324B-4E52-AC7A-7BDFE90EA2AB}.Release|Any CPU.Build.0 = Release|Any CPU
		{4879EDFE-1C0E-4CDD-A99C-8D23F8936E0B}.Debug|Any CPU.ActiveCfg = Debug|Any CPU
		{4879EDFE-1C0E-4CDD-A99C-8D23F8936E0B}.Debug|Any CPU.Build.0 = Debug|Any CPU
		{4879EDFE-1C0E-4CDD-A99C-8D23F8936E0B}.Release|Any CPU.ActiveCfg = Release|Any CPU
		{4879EDFE-1C0E-4CDD-A99C-8D23F8936E0B}.Release|Any CPU.Build.0 = Release|Any CPU
		{F8D0BA08-CE83-471F-9AF0-7F1A964E5A6A}.Debug|Any CPU.ActiveCfg = Debug|Any CPU
		{F8D0BA08-CE83-471F-9AF0-7F1A964E5A6A}.Debug|Any CPU.Build.0 = Debug|Any CPU
		{F8D0BA08-CE83-471F-9AF0-7F1A964E5A6A}.Release|Any CPU.ActiveCfg = Release|Any CPU
		{F8D0BA08-CE83-471F-9AF0-7F1A964E5A6A}.Release|Any CPU.Build.0 = Release|Any CPU
		{28327BD3-5C69-4210-ACDA-323A0F5D4743}.Debug|Any CPU.ActiveCfg = Debug|Any CPU
		{28327BD3-5C69-4210-ACDA-323A0F5D4743}.Debug|Any CPU.Build.0 = Debug|Any CPU
		{28327BD3-5C69-4210-ACDA-323A0F5D4743}.Release|Any CPU.ActiveCfg = Release|Any CPU
		{28327BD3-5C69-4210-ACDA-323A0F5D4743}.Release|Any CPU.Build.0 = Release|Any CPU
	EndGlobalSection
	GlobalSection(SolutionProperties) = preSolution
		HideSolutionNode = FALSE
	EndGlobalSection
	GlobalSection(NestedProjects) = preSolution
		{CB5620A3-89F2-4738-8ED8-7C9E2002972D} = {04E703A8-7D89-4F8B-BFDF-0CF57F4DAEDF}
		{D1B07124-7E4B-4AEC-A016-6D950645388B} = {CB5620A3-89F2-4738-8ED8-7C9E2002972D}
		{0BC819F3-1528-4F00-A7A2-DDAFC2FD5E53} = {04E703A8-7D89-4F8B-BFDF-0CF57F4DAEDF}
		{43FEF1CE-9B91-4583-9712-F28398F546BB} = {0BC819F3-1528-4F00-A7A2-DDAFC2FD5E53}
		{D8D59C27-75CD-45F0-B3DB-FA112FB724DE} = {04E703A8-7D89-4F8B-BFDF-0CF57F4DAEDF}
		{534F8757-BF73-4AB0-84AD-8B5BA6510160} = {D8D59C27-75CD-45F0-B3DB-FA112FB724DE}
		{2A88E9BC-3B6A-4A1A-98D8-32F43E6AED85} = {D8D59C27-75CD-45F0-B3DB-FA112FB724DE}
		{A97FC203-220F-4E18-A95F-0720178B77E7} = {D8D59C27-75CD-45F0-B3DB-FA112FB724DE}
		{C516D556-A2C1-437E-8D67-4991CEB3EEE6} = {534F8757-BF73-4AB0-84AD-8B5BA6510160}
		{FDDDBD31-31D4-4A66-81AC-EA35AC59E2AA} = {534F8757-BF73-4AB0-84AD-8B5BA6510160}
		{26D113FB-ABF2-4C51-8E49-9618E708E5E4} = {2A88E9BC-3B6A-4A1A-98D8-32F43E6AED85}
		{0C77A8A7-4E5E-461E-B7A6-A0722A88397A} = {A97FC203-220F-4E18-A95F-0720178B77E7}
		{D90EA783-7842-4F2A-9685-71DD5426A8B9} = {DE985921-84DF-44C0-BAF8-6F9C82AFDDA5}
		{A513E9E8-C76E-4E47-91D9-BDDF0274E55C} = {04E703A8-7D89-4F8B-BFDF-0CF57F4DAEDF}
		{C284EA97-95F6-462F-9626-7814029F9198} = {A513E9E8-C76E-4E47-91D9-BDDF0274E55C}
		{C448EC29-26A3-4267-A33B-FDE8092A1B8D} = {A513E9E8-C76E-4E47-91D9-BDDF0274E55C}
		{86F4703D-70B0-47E2-8DE4-11B8069DF3C2} = {A513E9E8-C76E-4E47-91D9-BDDF0274E55C}
		{F000FDFE-C04D-40AB-91E8-ED0C2982F368} = {A513E9E8-C76E-4E47-91D9-BDDF0274E55C}
		{5C2141BA-1CA5-4324-B92C-F1548DE756D2} = {A513E9E8-C76E-4E47-91D9-BDDF0274E55C}
		{F97040FB-6181-408A-8E58-931EFE888938} = {04E703A8-7D89-4F8B-BFDF-0CF57F4DAEDF}
		{B170D7B8-C770-47B4-AF29-A225CC12E90B} = {F97040FB-6181-408A-8E58-931EFE888938}
		{A385E2D9-0C93-45D7-87AB-FAD5DB0123FF} = {5AA9A069-5AB0-45DF-93AE-4195DC30FC0F}
		{43E5D79A-1BB8-4736-9F15-ADE50461C069} = {5AA9A069-5AB0-45DF-93AE-4195DC30FC0F}
		{D608699D-B668-46A3-AECB-630BAEDA1BE0} = {04E703A8-7D89-4F8B-BFDF-0CF57F4DAEDF}
		{A85F98AB-02C0-4DE7-A11F-1C0003D3E9F7} = {D608699D-B668-46A3-AECB-630BAEDA1BE0}
		{07BD28B5-147E-4890-94EC-00854582ACAE} = {2EB85285-8E02-4EE5-BD5A-F79148A04B11}
		{A22C5BD0-3C24-4608-B77B-2AF6E3264BDA} = {04E703A8-7D89-4F8B-BFDF-0CF57F4DAEDF}
		{9A2D61DA-C972-4668-8612-AB22AFAA2308} = {A22C5BD0-3C24-4608-B77B-2AF6E3264BDA}
		{99671008-7F97-46E2-B21A-A03CB121EA19} = {04E703A8-7D89-4F8B-BFDF-0CF57F4DAEDF}
		{44670FA2-C51D-4383-A81A-F566CAFF3580} = {99671008-7F97-46E2-B21A-A03CB121EA19}
		{3B47736F-03FE-4CF2-92F7-E1A8582BBE1E} = {04E703A8-7D89-4F8B-BFDF-0CF57F4DAEDF}
		{301DC9F2-1EC1-46D6-A00B-D41D49559AEC} = {3B47736F-03FE-4CF2-92F7-E1A8582BBE1E}
		{A29FAC15-0116-4BDF-9C4F-0E804988E83C} = {04E703A8-7D89-4F8B-BFDF-0CF57F4DAEDF}
		{4CE38003-324B-4E52-AC7A-7BDFE90EA2AB} = {A29FAC15-0116-4BDF-9C4F-0E804988E83C}
		{4879EDFE-1C0E-4CDD-A99C-8D23F8936E0B} = {99671008-7F97-46E2-B21A-A03CB121EA19}
		{07F5D554-C679-413C-B34E-BE3B84C74E06} = {04E703A8-7D89-4F8B-BFDF-0CF57F4DAEDF}
		{F8D0BA08-CE83-471F-9AF0-7F1A964E5A6A} = {07F5D554-C679-413C-B34E-BE3B84C74E06}
		{28327BD3-5C69-4210-ACDA-323A0F5D4743} = {05450DFE-432C-4D0A-A675-4C86D45806A6}
	EndGlobalSection
	GlobalSection(ExtensibilityGlobals) = postSolution
		SolutionGuid = {4028C25B-4AFB-4428-A4A4-8E385B4F18BC}
	EndGlobalSection
EndGlobal
